
Microsoft Visual Studio Solution File, Format Version 12.00
# Visual Studio 15
VisualStudioVersion = 15.0.26430.13
MinimumVisualStudioVersion = 10.0.40219.1
Project("{FAE04EC0-301F-11D3-BF4B-00C04F79EFBC}") = "LogoFX.Client.Bootstrapping.Adapters.Unity.Tests", "LogoFX.Client.Bootstrapping.Adapters.Unity.Tests\LogoFX.Client.Bootstrapping.Adapters.Unity.Tests.csproj", "{80287C2F-0D61-4D61-A9EA-7DB0849D1EF3}"
EndProject
Project("{FAE04EC0-301F-11D3-BF4B-00C04F79EFBC}") = "LogoFX.Client.Bootstrapping.Adapters.Unity.NET45", "LogoFX.Client.Bootstrapping.Adapters.Unity\net45\LogoFX.Client.Bootstrapping.Adapters.Unity.NET45.csproj", "{ACC99FD4-41ED-423C-9EAB-7B98E9B54337}"
EndProject
Global
	GlobalSection(SolutionConfigurationPlatforms) = preSolution
		Debug|Any CPU = Debug|Any CPU
		Release|Any CPU = Release|Any CPU
	EndGlobalSection
	GlobalSection(ProjectConfigurationPlatforms) = postSolution
		{80287C2F-0D61-4D61-A9EA-7DB0849D1EF3}.Debug|Any CPU.ActiveCfg = Debug|Any CPU
		{80287C2F-0D61-4D61-A9EA-7DB0849D1EF3}.Debug|Any CPU.Build.0 = Debug|Any CPU
		{80287C2F-0D61-4D61-A9EA-7DB0849D1EF3}.Release|Any CPU.ActiveCfg = Release|Any CPU
		{80287C2F-0D61-4D61-A9EA-7DB0849D1EF3}.Release|Any CPU.Build.0 = Release|Any CPU
		{ACC99FD4-41ED-423C-9EAB-7B98E9B54337}.Debug|Any CPU.ActiveCfg = Debug|Any CPU
		{ACC99FD4-41ED-423C-9EAB-7B98E9B54337}.Debug|Any CPU.Build.0 = Debug|Any CPU
		{ACC99FD4-41ED-423C-9EAB-7B98E9B54337}.Release|Any CPU.ActiveCfg = Release|Any CPU
		{ACC99FD4-41ED-423C-9EAB-7B98E9B54337}.Release|Any CPU.Build.0 = Release|Any CPU
	EndGlobalSection
	GlobalSection(SolutionProperties) = preSolution
		HideSolutionNode = FALSE
	EndGlobalSection
EndGlobal
